
Microsoft Visual Studio Solution File, Format Version 12.00
# Visual Studio Version 16
VisualStudioVersion = 16.0.32510.428
MinimumVisualStudioVersion = 10.0.40219.1
Project("{FAE04EC0-301F-11D3-BF4B-00C04F79EFBC}") = "MyCompany", "WebApplication4\MyCompany.csproj", "{B55578AB-A80F-4E71-9B22-70EAE4C5065D}"
EndProject
Global
	GlobalSection(SolutionConfigurationPlatforms) = preSolution
		Debug|Any CPU = Debug|Any CPU
		Release|Any CPU = Release|Any CPU
	EndGlobalSection
	GlobalSection(ProjectConfigurationPlatforms) = postSolution
		{B55578AB-A80F-4E71-9B22-70EAE4C5065D}.Debug|Any CPU.ActiveCfg = Debug|Any CPU
		{B55578AB-A80F-4E71-9B22-70EAE4C5065D}.Debug|Any CPU.Build.0 = Debug|Any CPU
		{B55578AB-A80F-4E71-9B22-70EAE4C5065D}.Release|Any CPU.ActiveCfg = Release|Any CPU
		{B55578AB-A80F-4E71-9B22-70EAE4C5065D}.Release|Any CPU.Build.0 = Release|Any CPU
	EndGlobalSection
	GlobalSection(SolutionProperties) = preSolution
		HideSolutionNode = FALSE
	EndGlobalSection
	GlobalSection(ExtensibilityGlobals) = postSolution
		SolutionGuid = {F02298B4-1BF8-4A1B-A4E4-8835CDFD4A4E}
	EndGlobalSection
EndGlobal
